
Microsoft Visual Studio Solution File, Format Version 12.00
# Visual Studio Version 17
VisualStudioVersion = 17.12.35410.144 d17.12
MinimumVisualStudioVersion = 10.0.40219.1
Project("{FAE04EC0-301F-11D3-BF4B-00C04F79EFBC}") = "MonsterHunterProject", "MonsterHunterProject.csproj", "{F6E467EC-1545-41F6-AD79-4193C6539B57}"
EndProject
Project("{FAE04EC0-301F-11D3-BF4B-00C04F79EFBC}") = "MonsterHunter.Core", "..\MonsterHunter.Core\MonsterHunter.Core.csproj", "{DF946B03-A920-4D0F-863D-79F39CCB2489}"
EndProject
Project("{FAE04EC0-301F-11D3-BF4B-00C04F79EFBC}") = "MonsterHunter.ConsoleApp", "..\MonsterHunter.ConsoleApp\MonsterHunter.ConsoleApp.csproj", "{AE886661-7D8A-4DD7-A319-E6A5ABA41457}"
EndProject
Project("{FAE04EC0-301F-11D3-BF4B-00C04F79EFBC}") = "MonsterHunter.GUI", "..\MonsterHunter.GUI\MonsterHunter.GUI.csproj", "{6A29B006-D95E-4F05-BA99-A63C56659484}"
EndProject
Global
	GlobalSection(SolutionConfigurationPlatforms) = preSolution
		Debug|Any CPU = Debug|Any CPU
		Release|Any CPU = Release|Any CPU
	EndGlobalSection
	GlobalSection(ProjectConfigurationPlatforms) = postSolution
		{F6E467EC-1545-41F6-AD79-4193C6539B57}.Debug|Any CPU.ActiveCfg = Debug|Any CPU
		{F6E467EC-1545-41F6-AD79-4193C6539B57}.Debug|Any CPU.Build.0 = Debug|Any CPU
		{F6E467EC-1545-41F6-AD79-4193C6539B57}.Release|Any CPU.ActiveCfg = Release|Any CPU
		{F6E467EC-1545-41F6-AD79-4193C6539B57}.Release|Any CPU.Build.0 = Release|Any CPU
		{DF946B03-A920-4D0F-863D-79F39CCB2489}.Debug|Any CPU.ActiveCfg = Debug|Any CPU
		{DF946B03-A920-4D0F-863D-79F39CCB2489}.Debug|Any CPU.Build.0 = Debug|Any CPU
		{DF946B03-A920-4D0F-863D-79F39CCB2489}.Release|Any CPU.ActiveCfg = Release|Any CPU
		{DF946B03-A920-4D0F-863D-79F39CCB2489}.Release|Any CPU.Build.0 = Release|Any CPU
		{AE886661-7D8A-4DD7-A319-E6A5ABA41457}.Debug|Any CPU.ActiveCfg = Debug|Any CPU
		{AE886661-7D8A-4DD7-A319-E6A5ABA41457}.Debug|Any CPU.Build.0 = Debug|Any CPU
		{AE886661-7D8A-4DD7-A319-E6A5ABA41457}.Release|Any CPU.ActiveCfg = Release|Any CPU
		{AE886661-7D8A-4DD7-A319-E6A5ABA41457}.Release|Any CPU.Build.0 = Release|Any CPU
		{6A29B006-D95E-4F05-BA99-A63C56659484}.Debug|Any CPU.ActiveCfg = Debug|Any CPU
		{6A29B006-D95E-4F05-BA99-A63C56659484}.Debug|Any CPU.Build.0 = Debug|Any CPU
		{6A29B006-D95E-4F05-BA99-A63C56659484}.Release|Any CPU.ActiveCfg = Release|Any CPU
		{6A29B006-D95E-4F05-BA99-A63C56659484}.Release|Any CPU.Build.0 = Release|Any CPU
	EndGlobalSection
	GlobalSection(SolutionProperties) = preSolution
		HideSolutionNode = FALSE
	EndGlobalSection
EndGlobal
